
Microsoft Visual Studio Solution File, Format Version 12.00
# Visual Studio Version 16
VisualStudioVersion = 16.0.31702.278
MinimumVisualStudioVersion = 10.0.40219.1
Project("{9A19103F-16F7-4668-BE54-9A1E7A4F7556}") = "RISE.Repository", "RISE.Repository\RISE.Repository.csproj", "{2EC75D6C-0F55-4107-86D5-BA456DD94A3C}"
EndProject
Project("{9A19103F-16F7-4668-BE54-9A1E7A4F7556}") = "RISE.Entity", "RISE.Entity\RISE.Entity.csproj", "{668614BD-C575-4943-80AB-7B890C17FA46}"
EndProject
Project("{9A19103F-16F7-4668-BE54-9A1E7A4F7556}") = "RISE.DataAccessLayer", "RISE.DataAccessLayer\RISE.DataAccessLayer.csproj", "{B4482558-258F-4353-8EE8-563332130424}"
EndProject
Project("{9A19103F-16F7-4668-BE54-9A1E7A4F7556}") = "RISE.UnitOfWork", "RISE.UnitOfWork\RISE.UnitOfWork.csproj", "{64BCFFB2-C0DE-4C55-B8EF-CEE5FC4F5EDA}"
EndProject
Project("{9A19103F-16F7-4668-BE54-9A1E7A4F7556}") = "RISE.BusinessLayer", "RISE.BusinessLayer\RISE.BusinessLayer.csproj", "{3A23AE34-CBC4-4848-988C-58281F92F793}"
EndProject
Project("{9A19103F-16F7-4668-BE54-9A1E7A4F7556}") = "RISE.DataTransferObject", "RISE.DataTransferObject\RISE.DataTransferObject.csproj", "{73093E6B-1A99-4C93-BED1-28D995E2CA5D}"
EndProject
Project("{FAE04EC0-301F-11D3-BF4B-00C04F79EFBC}") = "RISE.PersonApi", "RISE.PersonApi\RISE.PersonApi.csproj", "{612A7E04-6DE5-491B-AC74-A2CA079C0A90}"
EndProject
Global
	GlobalSection(SolutionConfigurationPlatforms) = preSolution
		Debug|Any CPU = Debug|Any CPU
		Release|Any CPU = Release|Any CPU
	EndGlobalSection
	GlobalSection(ProjectConfigurationPlatforms) = postSolution
		{2EC75D6C-0F55-4107-86D5-BA456DD94A3C}.Debug|Any CPU.ActiveCfg = Debug|Any CPU
		{2EC75D6C-0F55-4107-86D5-BA456DD94A3C}.Debug|Any CPU.Build.0 = Debug|Any CPU
		{2EC75D6C-0F55-4107-86D5-BA456DD94A3C}.Release|Any CPU.ActiveCfg = Release|Any CPU
		{2EC75D6C-0F55-4107-86D5-BA456DD94A3C}.Release|Any CPU.Build.0 = Release|Any CPU
		{668614BD-C575-4943-80AB-7B890C17FA46}.Debug|Any CPU.ActiveCfg = Debug|Any CPU
		{668614BD-C575-4943-80AB-7B890C17FA46}.Debug|Any CPU.Build.0 = Debug|Any CPU
		{668614BD-C575-4943-80AB-7B890C17FA46}.Release|Any CPU.ActiveCfg = Release|Any CPU
		{668614BD-C575-4943-80AB-7B890C17FA46}.Release|Any CPU.Build.0 = Release|Any CPU
		{B4482558-258F-4353-8EE8-563332130424}.Debug|Any CPU.ActiveCfg = Debug|Any CPU
		{B4482558-258F-4353-8EE8-563332130424}.Debug|Any CPU.Build.0 = Debug|Any CPU
		{B4482558-258F-4353-8EE8-563332130424}.Release|Any CPU.ActiveCfg = Release|Any CPU
		{B4482558-258F-4353-8EE8-563332130424}.Release|Any CPU.Build.0 = Release|Any CPU
		{64BCFFB2-C0DE-4C55-B8EF-CEE5FC4F5EDA}.Debug|Any CPU.ActiveCfg = Debug|Any CPU
		{64BCFFB2-C0DE-4C55-B8EF-CEE5FC4F5EDA}.Debug|Any CPU.Build.0 = Debug|Any CPU
		{64BCFFB2-C0DE-4C55-B8EF-CEE5FC4F5EDA}.Release|Any CPU.ActiveCfg = Release|Any CPU
		{64BCFFB2-C0DE-4C55-B8EF-CEE5FC4F5EDA}.Release|Any CPU.Build.0 = Release|Any CPU
		{3A23AE34-CBC4-4848-988C-58281F92F793}.Debug|Any CPU.ActiveCfg = Debug|Any CPU
		{3A23AE34-CBC4-4848-988C-58281F92F793}.Debug|Any CPU.Build.0 = Debug|Any CPU
		{3A23AE34-CBC4-4848-988C-58281F92F793}.Release|Any CPU.ActiveCfg = Release|Any CPU
		{3A23AE34-CBC4-4848-988C-58281F92F793}.Release|Any CPU.Build.0 = Release|Any CPU
		{73093E6B-1A99-4C93-BED1-28D995E2CA5D}.Debug|Any CPU.ActiveCfg = Debug|Any CPU
		{73093E6B-1A99-4C93-BED1-28D995E2CA5D}.Debug|Any CPU.Build.0 = Debug|Any CPU
		{73093E6B-1A99-4C93-BED1-28D995E2CA5D}.Release|Any CPU.ActiveCfg = Release|Any CPU
		{73093E6B-1A99-4C93-BED1-28D995E2CA5D}.Release|Any CPU.Build.0 = Release|Any CPU
		{612A7E04-6DE5-491B-AC74-A2CA079C0A90}.Debug|Any CPU.ActiveCfg = Debug|Any CPU
		{612A7E04-6DE5-491B-AC74-A2CA079C0A90}.Debug|Any CPU.Build.0 = Debug|Any CPU
		{612A7E04-6DE5-491B-AC74-A2CA079C0A90}.Release|Any CPU.ActiveCfg = Release|Any CPU
		{612A7E04-6DE5-491B-AC74-A2CA079C0A90}.Release|Any CPU.Build.0 = Release|Any CPU
	EndGlobalSection
	GlobalSection(SolutionProperties) = preSolution
		HideSolutionNode = FALSE
	EndGlobalSection
	GlobalSection(ExtensibilityGlobals) = postSolution
		SolutionGuid = {E4527E99-4846-4321-AE6F-A4D2C9AD856C}
	EndGlobalSection
EndGlobal
